
Microsoft Visual Studio Solution File, Format Version 12.00
# Visual Studio 2013
VisualStudioVersion = 12.0.21005.1
MinimumVisualStudioVersion = 10.0.40219.1
Project("{FAE04EC0-301F-11D3-BF4B-00C04F79EFBC}") = "Problem001", "ProjectEuler\Problem001.csproj", "{5A083EF3-98A5-42CB-A532-E9E438C8A7D3}"
EndProject
Project("{FAE04EC0-301F-11D3-BF4B-00C04F79EFBC}") = "Problem002", "Problem002\Problem002.csproj", "{3BD1FC73-49F9-417F-B9AB-B9BCE1CC8234}"
EndProject
Project("{FAE04EC0-301F-11D3-BF4B-00C04F79EFBC}") = "Problem003", "Problem003\Problem003.csproj", "{3157805D-B8BE-4510-87A2-72401E1E2DDE}"
EndProject
Project("{FAE04EC0-301F-11D3-BF4B-00C04F79EFBC}") = "Problem004", "Problem004\Problem004.csproj", "{BD723FD1-0E3E-4EE1-8EF5-6EDF90920FE9}"
EndProject
Global
	GlobalSection(SolutionConfigurationPlatforms) = preSolution
		Debug|Any CPU = Debug|Any CPU
		Release|Any CPU = Release|Any CPU
	EndGlobalSection
	GlobalSection(ProjectConfigurationPlatforms) = postSolution
		{5A083EF3-98A5-42CB-A532-E9E438C8A7D3}.Debug|Any CPU.ActiveCfg = Debug|Any CPU
		{5A083EF3-98A5-42CB-A532-E9E438C8A7D3}.Debug|Any CPU.Build.0 = Debug|Any CPU
		{5A083EF3-98A5-42CB-A532-E9E438C8A7D3}.Release|Any CPU.ActiveCfg = Release|Any CPU
		{5A083EF3-98A5-42CB-A532-E9E438C8A7D3}.Release|Any CPU.Build.0 = Release|Any CPU
		{3BD1FC73-49F9-417F-B9AB-B9BCE1CC8234}.Debug|Any CPU.ActiveCfg = Debug|Any CPU
		{3BD1FC73-49F9-417F-B9AB-B9BCE1CC8234}.Debug|Any CPU.Build.0 = Debug|Any CPU
		{3BD1FC73-49F9-417F-B9AB-B9BCE1CC8234}.Release|Any CPU.ActiveCfg = Release|Any CPU
		{3BD1FC73-49F9-417F-B9AB-B9BCE1CC8234}.Release|Any CPU.Build.0 = Release|Any CPU
		{3157805D-B8BE-4510-87A2-72401E1E2DDE}.Debug|Any CPU.ActiveCfg = Debug|Any CPU
		{3157805D-B8BE-4510-87A2-72401E1E2DDE}.Debug|Any CPU.Build.0 = Debug|Any CPU
		{3157805D-B8BE-4510-87A2-72401E1E2DDE}.Release|Any CPU.ActiveCfg = Release|Any CPU
		{3157805D-B8BE-4510-87A2-72401E1E2DDE}.Release|Any CPU.Build.0 = Release|Any CPU
		{BD723FD1-0E3E-4EE1-8EF5-6EDF90920FE9}.Debug|Any CPU.ActiveCfg = Debug|Any CPU
		{BD723FD1-0E3E-4EE1-8EF5-6EDF90920FE9}.Debug|Any CPU.Build.0 = Debug|Any CPU
		{BD723FD1-0E3E-4EE1-8EF5-6EDF90920FE9}.Release|Any CPU.ActiveCfg = Release|Any CPU
		{BD723FD1-0E3E-4EE1-8EF5-6EDF90920FE9}.Release|Any CPU.Build.0 = Release|Any CPU
	EndGlobalSection
	GlobalSection(SolutionProperties) = preSolution
		HideSolutionNode = FALSE
	EndGlobalSection
EndGlobal
